
Microsoft Visual Studio Solution File, Format Version 12.00
# Visual Studio 15
VisualStudioVersion = 15.0.28307.1022
MinimumVisualStudioVersion = 10.0.40219.1
Project("{FAE04EC0-301F-11D3-BF4B-00C04F79EFBC}") = "MVCAuthentication", "MVCAuthentication\MVCAuthentication.csproj", "{C8746332-2183-484B-88D2-17C99B2A7655}"
EndProject
Global
	GlobalSection(SolutionConfigurationPlatforms) = preSolution
		Debug|Any CPU = Debug|Any CPU
		Release|Any CPU = Release|Any CPU
	EndGlobalSection
	GlobalSection(ProjectConfigurationPlatforms) = postSolution
		{C8746332-2183-484B-88D2-17C99B2A7655}.Debug|Any CPU.ActiveCfg = Debug|Any CPU
		{C8746332-2183-484B-88D2-17C99B2A7655}.Debug|Any CPU.Build.0 = Debug|Any CPU
		{C8746332-2183-484B-88D2-17C99B2A7655}.Release|Any CPU.ActiveCfg = Release|Any CPU
		{C8746332-2183-484B-88D2-17C99B2A7655}.Release|Any CPU.Build.0 = Release|Any CPU
	EndGlobalSection
	GlobalSection(SolutionProperties) = preSolution
		HideSolutionNode = FALSE
	EndGlobalSection
	GlobalSection(ExtensibilityGlobals) = postSolution
		SolutionGuid = {EE1BBB19-D71C-448E-96CF-20E40A0E58FB}
	EndGlobalSection
EndGlobal
